
Microsoft Visual Studio Solution File, Format Version 12.00
# Visual Studio Version 17
VisualStudioVersion = 17.2.32630.192
MinimumVisualStudioVersion = 10.0.40219.1
Project("{FAE04EC0-301F-11D3-BF4B-00C04F79EFBC}") = "ProfiseeDemo", "ProfiseeDemo\ProfiseeDemo.csproj", "{8A5CA474-FAF9-4773-BCDA-6592325EAF49}"
EndProject
Global
	GlobalSection(SolutionConfigurationPlatforms) = preSolution
		Debug|Any CPU = Debug|Any CPU
		Release|Any CPU = Release|Any CPU
	EndGlobalSection
	GlobalSection(ProjectConfigurationPlatforms) = postSolution
		{8A5CA474-FAF9-4773-BCDA-6592325EAF49}.Debug|Any CPU.ActiveCfg = Debug|Any CPU
		{8A5CA474-FAF9-4773-BCDA-6592325EAF49}.Debug|Any CPU.Build.0 = Debug|Any CPU
		{8A5CA474-FAF9-4773-BCDA-6592325EAF49}.Release|Any CPU.ActiveCfg = Release|Any CPU
		{8A5CA474-FAF9-4773-BCDA-6592325EAF49}.Release|Any CPU.Build.0 = Release|Any CPU
	EndGlobalSection
	GlobalSection(SolutionProperties) = preSolution
		HideSolutionNode = FALSE
	EndGlobalSection
	GlobalSection(ExtensibilityGlobals) = postSolution
		SolutionGuid = {5B69923C-E23E-42B7-B5CE-EDE59BD9941E}
	EndGlobalSection
EndGlobal
